
Microsoft Visual Studio Solution File, Format Version 12.00
# Visual Studio Version 17
VisualStudioVersion = 17.9.34723.18
MinimumVisualStudioVersion = 10.0.40219.1
Project("{9A19103F-16F7-4668-BE54-9A1E7A4F7556}") = "ShopV2.Web", "ShopV2.Web\ShopV2.Web.csproj", "{35DB4C58-75E8-4413-B789-3B302CB876F3}"
EndProject
Project("{9A19103F-16F7-4668-BE54-9A1E7A4F7556}") = "Shop.Media.API", "Shop.Media.API\Shop.Media.API.csproj", "{E07C1BF8-370F-4FDF-885D-B75A4D417F59}"
EndProject
Project("{9A19103F-16F7-4668-BE54-9A1E7A4F7556}") = "Shop.Shared", "Shop.Shared\Shop.Shared.csproj", "{ADCCEA84-B9A0-4DDE-B9C7-56EA5AD5A2DA}"
EndProject
Global
	GlobalSection(SolutionConfigurationPlatforms) = preSolution
		Debug|Any CPU = Debug|Any CPU
		Release|Any CPU = Release|Any CPU
	EndGlobalSection
	GlobalSection(ProjectConfigurationPlatforms) = postSolution
		{35DB4C58-75E8-4413-B789-3B302CB876F3}.Debug|Any CPU.ActiveCfg = Debug|Any CPU
		{35DB4C58-75E8-4413-B789-3B302CB876F3}.Debug|Any CPU.Build.0 = Debug|Any CPU
		{35DB4C58-75E8-4413-B789-3B302CB876F3}.Release|Any CPU.ActiveCfg = Release|Any CPU
		{35DB4C58-75E8-4413-B789-3B302CB876F3}.Release|Any CPU.Build.0 = Release|Any CPU
		{E07C1BF8-370F-4FDF-885D-B75A4D417F59}.Debug|Any CPU.ActiveCfg = Debug|Any CPU
		{E07C1BF8-370F-4FDF-885D-B75A4D417F59}.Debug|Any CPU.Build.0 = Debug|Any CPU
		{E07C1BF8-370F-4FDF-885D-B75A4D417F59}.Release|Any CPU.ActiveCfg = Release|Any CPU
		{E07C1BF8-370F-4FDF-885D-B75A4D417F59}.Release|Any CPU.Build.0 = Release|Any CPU
		{ADCCEA84-B9A0-4DDE-B9C7-56EA5AD5A2DA}.Debug|Any CPU.ActiveCfg = Debug|Any CPU
		{ADCCEA84-B9A0-4DDE-B9C7-56EA5AD5A2DA}.Debug|Any CPU.Build.0 = Debug|Any CPU
		{ADCCEA84-B9A0-4DDE-B9C7-56EA5AD5A2DA}.Release|Any CPU.ActiveCfg = Release|Any CPU
		{ADCCEA84-B9A0-4DDE-B9C7-56EA5AD5A2DA}.Release|Any CPU.Build.0 = Release|Any CPU
	EndGlobalSection
	GlobalSection(SolutionProperties) = preSolution
		HideSolutionNode = FALSE
	EndGlobalSection
	GlobalSection(ExtensibilityGlobals) = postSolution
		SolutionGuid = {06511FB8-30E1-42E9-8085-1427BE126C68}
	EndGlobalSection
EndGlobal
